// !$*UTF8*$!
{
	archiveVersion = 1;
	classes = {
	};
	objectVersion = 51;
	objects = {

/* Begin PBXBuildFile section */
		B1D9EC01360E271F17F2B32E /* Pods_clone_facebook.framework in Frameworks */ = {isa = PBXBuildFile; fileRef = E908241E013BF45C3070DB88 /* Pods_clone_facebook.framework */; };
		D51852B024E4D42A00AE1978 /* IQKeyboardService.swift in Sources */ = {isa = PBXBuildFile; fileRef = D51852AF24E4D42A00AE1978 /* IQKeyboardService.swift */; };
		D51852B224E54F8000AE1978 /* ExtPageViewController.swift in Sources */ = {isa = PBXBuildFile; fileRef = D51852B124E54F8000AE1978 /* ExtPageViewController.swift */; };
		D51E7BE624DF6EAA00C8C5A3 /* HomeViewController.swift in Sources */ = {isa = PBXBuildFile; fileRef = D51E7BE424DF6EAA00C8C5A3 /* HomeViewController.swift */; };
		D51E7BE724DF6EAA00C8C5A3 /* HomeViewController.xib in Resources */ = {isa = PBXBuildFile; fileRef = D51E7BE524DF6EAA00C8C5A3 /* HomeViewController.xib */; };
		D51E7BEE24DF6F5B00C8C5A3 /* VideoViewController.swift in Sources */ = {isa = PBXBuildFile; fileRef = D51E7BEC24DF6F5B00C8C5A3 /* VideoViewController.swift */; };
		D51E7BEF24DF6F5B00C8C5A3 /* VideoViewController.xib in Resources */ = {isa = PBXBuildFile; fileRef = D51E7BED24DF6F5B00C8C5A3 /* VideoViewController.xib */; };
		D51E7BF224DF6F6900C8C5A3 /* MyPageViewController.swift in Sources */ = {isa = PBXBuildFile; fileRef = D51E7BF024DF6F6900C8C5A3 /* MyPageViewController.swift */; };
		D51E7BF324DF6F6900C8C5A3 /* MyPageViewController.xib in Resources */ = {isa = PBXBuildFile; fileRef = D51E7BF124DF6F6900C8C5A3 /* MyPageViewController.xib */; };
		D51E7BF624DF6F7A00C8C5A3 /* NotificationsViewController.swift in Sources */ = {isa = PBXBuildFile; fileRef = D51E7BF424DF6F7A00C8C5A3 /* NotificationsViewController.swift */; };
		D51E7BF724DF6F7A00C8C5A3 /* NotificationsViewController.xib in Resources */ = {isa = PBXBuildFile; fileRef = D51E7BF524DF6F7A00C8C5A3 /* NotificationsViewController.xib */; };
		D51E7BFA24DF6F9500C8C5A3 /* MenuViewController.swift in Sources */ = {isa = PBXBuildFile; fileRef = D51E7BF824DF6F9500C8C5A3 /* MenuViewController.swift */; };
		D51E7BFB24DF6F9500C8C5A3 /* MenuViewController.xib in Resources */ = {isa = PBXBuildFile; fileRef = D51E7BF924DF6F9500C8C5A3 /* MenuViewController.xib */; };
		D51E7BFE24DF78E200C8C5A3 /* BaseChildViewController.swift in Sources */ = {isa = PBXBuildFile; fileRef = D51E7BFD24DF78E200C8C5A3 /* BaseChildViewController.swift */; };
		D564D15524E10A5B00E7BA63 /* DefaultMenuCell.swift in Sources */ = {isa = PBXBuildFile; fileRef = D564D15324E10A5B00E7BA63 /* DefaultMenuCell.swift */; };
		D564D15624E10A5B00E7BA63 /* DefaultMenuCell.xib in Resources */ = {isa = PBXBuildFile; fileRef = D564D15424E10A5B00E7BA63 /* DefaultMenuCell.xib */; };
		D5BCC4A324E288590085C78C /* HeaderCreatePostCell.swift in Sources */ = {isa = PBXBuildFile; fileRef = D5BCC4A124E288590085C78C /* HeaderCreatePostCell.swift */; };
		D5BCC4A424E288590085C78C /* HeaderCreatePostCell.xib in Resources */ = {isa = PBXBuildFile; fileRef = D5BCC4A224E288590085C78C /* HeaderCreatePostCell.xib */; };
		D5BCC4A724E289460085C78C /* HomeNewsCell.swift in Sources */ = {isa = PBXBuildFile; fileRef = D5BCC4A524E289460085C78C /* HomeNewsCell.swift */; };
		D5BCC4A824E289460085C78C /* HomeNewsCell.xib in Resources */ = {isa = PBXBuildFile; fileRef = D5BCC4A624E289460085C78C /* HomeNewsCell.xib */; };
		D5BCC4AB24E28B370085C78C /* HeaderMettingCell.swift in Sources */ = {isa = PBXBuildFile; fileRef = D5BCC4A924E28B370085C78C /* HeaderMettingCell.swift */; };
		D5BCC4AC24E28B370085C78C /* HeaderMettingCell.xib in Resources */ = {isa = PBXBuildFile; fileRef = D5BCC4AA24E28B370085C78C /* HeaderMettingCell.xib */; };
		D5BCC4AF24E298520085C78C /* View.swift in Sources */ = {isa = PBXBuildFile; fileRef = D5BCC4AE24E298520085C78C /* View.swift */; };
		D5C51BF024DE93C90073217F /* DefaultViewController.swift in Sources */ = {isa = PBXBuildFile; fileRef = D5C51BEE24DE93C90073217F /* DefaultViewController.swift */; };
		D5C51BF124DE93C90073217F /* DefaultViewController.xib in Resources */ = {isa = PBXBuildFile; fileRef = D5C51BEF24DE93C90073217F /* DefaultViewController.xib */; };
		D5DA455824E2A447002096E7 /* ImageView.swift in Sources */ = {isa = PBXBuildFile; fileRef = D5DA455724E2A447002096E7 /* ImageView.swift */; };
		D5DA455B24E2A5DA002096E7 /* HeaderNewsDetailCell.swift in Sources */ = {isa = PBXBuildFile; fileRef = D5DA455924E2A5DA002096E7 /* HeaderNewsDetailCell.swift */; };
		D5DA455C24E2A5DA002096E7 /* HeaderNewsDetailCell.xib in Resources */ = {isa = PBXBuildFile; fileRef = D5DA455A24E2A5DA002096E7 /* HeaderNewsDetailCell.xib */; };
		D5E1029624DE8D0E00155373 /* AppDelegate.swift in Sources */ = {isa = PBXBuildFile; fileRef = D5E1029524DE8D0E00155373 /* AppDelegate.swift */; };
		D5E1029824DE8D0E00155373 /* SceneDelegate.swift in Sources */ = {isa = PBXBuildFile; fileRef = D5E1029724DE8D0E00155373 /* SceneDelegate.swift */; };
		D5E1029A24DE8D0E00155373 /* ViewController.swift in Sources */ = {isa = PBXBuildFile; fileRef = D5E1029924DE8D0E00155373 /* ViewController.swift */; };
		D5E1029D24DE8D0E00155373 /* Main.storyboard in Resources */ = {isa = PBXBuildFile; fileRef = D5E1029B24DE8D0E00155373 /* Main.storyboard */; };
		D5E102A024DE8D0E00155373 /* clone_facebook.xcdatamodeld in Sources */ = {isa = PBXBuildFile; fileRef = D5E1029E24DE8D0E00155373 /* clone_facebook.xcdatamodeld */; };
		D5E102A224DE8D0E00155373 /* Assets.xcassets in Resources */ = {isa = PBXBuildFile; fileRef = D5E102A124DE8D0E00155373 /* Assets.xcassets */; };
		D5E102A524DE8D0E00155373 /* LaunchScreen.storyboard in Resources */ = {isa = PBXBuildFile; fileRef = D5E102A324DE8D0E00155373 /* LaunchScreen.storyboard */; };
/* End PBXBuildFile section */

/* Begin PBXFileReference section */
		7744539342615607B8B68BC9 /* Pods-clone-facebook.release.xcconfig */ = {isa = PBXFileReference; includeInIndex = 1; lastKnownFileType = text.xcconfig; name = "Pods-clone-facebook.release.xcconfig"; path = "Target Support Files/Pods-clone-facebook/Pods-clone-facebook.release.xcconfig"; sourceTree = "<group>"; };
		CD59DF70912A3FE671DF6721 /* Pods-clone-facebook.debug.xcconfig */ = {isa = PBXFileReference; includeInIndex = 1; lastKnownFileType = text.xcconfig; name = "Pods-clone-facebook.debug.xcconfig"; path = "Target Support Files/Pods-clone-facebook/Pods-clone-facebook.debug.xcconfig"; sourceTree = "<group>"; };
		D51852AF24E4D42A00AE1978 /* IQKeyboardService.swift */ = {isa = PBXFileReference; lastKnownFileType = sourcecode.swift; path = IQKeyboardService.swift; sourceTree = "<group>"; };
		D51852B124E54F8000AE1978 /* ExtPageViewController.swift */ = {isa = PBXFileReference; lastKnownFileType = sourcecode.swift; path = ExtPageViewController.swift; sourceTree = "<group>"; };
		D51E7BE424DF6EAA00C8C5A3 /* HomeViewController.swift */ = {isa = PBXFileReference; lastKnownFileType = sourcecode.swift; path = HomeViewController.swift; sourceTree = "<group>"; };
		D51E7BE524DF6EAA00C8C5A3 /* HomeViewController.xib */ = {isa = PBXFileReference; lastKnownFileType = file.xib; path = HomeViewController.xib; sourceTree = "<group>"; };
		D51E7BEC24DF6F5B00C8C5A3 /* VideoViewController.swift */ = {isa = PBXFileReference; lastKnownFileType = sourcecode.swift; path = VideoViewController.swift; sourceTree = "<group>"; };
		D51E7BED24DF6F5B00C8C5A3 /* VideoViewController.xib */ = {isa = PBXFileReference; lastKnownFileType = file.xib; path = VideoViewController.xib; sourceTree = "<group>"; };
		D51E7BF024DF6F6900C8C5A3 /* MyPageViewController.swift */ = {isa = PBXFileReference; lastKnownFileType = sourcecode.swift; path = MyPageViewController.swift; sourceTree = "<group>"; };
		D51E7BF124DF6F6900C8C5A3 /* MyPageViewController.xib */ = {isa = PBXFileReference; lastKnownFileType = file.xib; path = MyPageViewController.xib; sourceTree = "<group>"; };
		D51E7BF424DF6F7A00C8C5A3 /* NotificationsViewController.swift */ = {isa = PBXFileReference; lastKnownFileType = sourcecode.swift; path = NotificationsViewController.swift; sourceTree = "<group>"; };
		D51E7BF524DF6F7A00C8C5A3 /* NotificationsViewController.xib */ = {isa = PBXFileReference; lastKnownFileType = file.xib; path = NotificationsViewController.xib; sourceTree = "<group>"; };
		D51E7BF824DF6F9500C8C5A3 /* MenuViewController.swift */ = {isa = PBXFileReference; lastKnownFileType = sourcecode.swift; path = MenuViewController.swift; sourceTree = "<group>"; };
		D51E7BF924DF6F9500C8C5A3 /* MenuViewController.xib */ = {isa = PBXFileReference; lastKnownFileType = file.xib; path = MenuViewController.xib; sourceTree = "<group>"; };
		D51E7BFD24DF78E200C8C5A3 /* BaseChildViewController.swift */ = {isa = PBXFileReference; lastKnownFileType = sourcecode.swift; path = BaseChildViewController.swift; sourceTree = "<group>"; };
		D564D15324E10A5B00E7BA63 /* DefaultMenuCell.swift */ = {isa = PBXFileReference; lastKnownFileType = sourcecode.swift; path = DefaultMenuCell.swift; sourceTree = "<group>"; };
		D564D15424E10A5B00E7BA63 /* DefaultMenuCell.xib */ = {isa = PBXFileReference; lastKnownFileType = file.xib; path = DefaultMenuCell.xib; sourceTree = "<group>"; };
		D5BCC4A124E288590085C78C /* HeaderCreatePostCell.swift */ = {isa = PBXFileReference; lastKnownFileType = sourcecode.swift; path = HeaderCreatePostCell.swift; sourceTree = "<group>"; };
		D5BCC4A224E288590085C78C /* HeaderCreatePostCell.xib */ = {isa = PBXFileReference; lastKnownFileType = file.xib; path = HeaderCreatePostCell.xib; sourceTree = "<group>"; };
		D5BCC4A524E289460085C78C /* HomeNewsCell.swift */ = {isa = PBXFileReference; lastKnownFileType = sourcecode.swift; path = HomeNewsCell.swift; sourceTree = "<group>"; };
		D5BCC4A624E289460085C78C /* HomeNewsCell.xib */ = {isa = PBXFileReference; lastKnownFileType = file.xib; path = HomeNewsCell.xib; sourceTree = "<group>"; };
		D5BCC4A924E28B370085C78C /* HeaderMettingCell.swift */ = {isa = PBXFileReference; lastKnownFileType = sourcecode.swift; path = HeaderMettingCell.swift; sourceTree = "<group>"; };
		D5BCC4AA24E28B370085C78C /* HeaderMettingCell.xib */ = {isa = PBXFileReference; lastKnownFileType = file.xib; path = HeaderMettingCell.xib; sourceTree = "<group>"; };
		D5BCC4AE24E298520085C78C /* View.swift */ = {isa = PBXFileReference; lastKnownFileType = sourcecode.swift; path = View.swift; sourceTree = "<group>"; };
		D5C51BEE24DE93C90073217F /* DefaultViewController.swift */ = {isa = PBXFileReference; lastKnownFileType = sourcecode.swift; path = DefaultViewController.swift; sourceTree = "<group>"; };
		D5C51BEF24DE93C90073217F /* DefaultViewController.xib */ = {isa = PBXFileReference; lastKnownFileType = file.xib; path = DefaultViewController.xib; sourceTree = "<group>"; };
		D5DA455724E2A447002096E7 /* ImageView.swift */ = {isa = PBXFileReference; lastKnownFileType = sourcecode.swift; path = ImageView.swift; sourceTree = "<group>"; };
		D5DA455924E2A5DA002096E7 /* HeaderNewsDetailCell.swift */ = {isa = PBXFileReference; lastKnownFileType = sourcecode.swift; path = HeaderNewsDetailCell.swift; sourceTree = "<group>"; };
		D5DA455A24E2A5DA002096E7 /* HeaderNewsDetailCell.xib */ = {isa = PBXFileReference; lastKnownFileType = file.xib; path = HeaderNewsDetailCell.xib; sourceTree = "<group>"; };
		D5E1029224DE8D0E00155373 /* clone-facebook.app */ = {isa = PBXFileReference; explicitFileType = wrapper.application; includeInIndex = 0; path = "clone-facebook.app"; sourceTree = BUILT_PRODUCTS_DIR; };
		D5E1029524DE8D0E00155373 /* AppDelegate.swift */ = {isa = PBXFileReference; lastKnownFileType = sourcecode.swift; path = AppDelegate.swift; sourceTree = "<group>"; };
		D5E1029724DE8D0E00155373 /* SceneDelegate.swift */ = {isa = PBXFileReference; lastKnownFileType = sourcecode.swift; path = SceneDelegate.swift; sourceTree = "<group>"; };
		D5E1029924DE8D0E00155373 /* ViewController.swift */ = {isa = PBXFileReference; lastKnownFileType = sourcecode.swift; path = ViewController.swift; sourceTree = "<group>"; };
		D5E1029C24DE8D0E00155373 /* Base */ = {isa = PBXFileReference; lastKnownFileType = file.storyboard; name = Base; path = Base.lproj/Main.storyboard; sourceTree = "<group>"; };
		D5E1029F24DE8D0E00155373 /* clone_facebook.xcdatamodel */ = {isa = PBXFileReference; lastKnownFileType = wrapper.xcdatamodel; path = clone_facebook.xcdatamodel; sourceTree = "<group>"; };
		D5E102A124DE8D0E00155373 /* Assets.xcassets */ = {isa = PBXFileReference; lastKnownFileType = folder.assetcatalog; path = Assets.xcassets; sourceTree = "<group>"; };
		D5E102A424DE8D0E00155373 /* Base */ = {isa = PBXFileReference; lastKnownFileType = file.storyboard; name = Base; path = Base.lproj/LaunchScreen.storyboard; sourceTree = "<group>"; };
		D5E102A624DE8D0E00155373 /* Info.plist */ = {isa = PBXFileReference; lastKnownFileType = text.plist.xml; path = Info.plist; sourceTree = "<group>"; };
		E908241E013BF45C3070DB88 /* Pods_clone_facebook.framework */ = {isa = PBXFileReference; explicitFileType = wrapper.framework; includeInIndex = 0; path = Pods_clone_facebook.framework; sourceTree = BUILT_PRODUCTS_DIR; };
/* End PBXFileReference section */

/* Begin PBXFrameworksBuildPhase section */
		D5E1028F24DE8D0E00155373 /* Frameworks */ = {
			isa = PBXFrameworksBuildPhase;
			buildActionMask = 2147483647;
			files = (
				B1D9EC01360E271F17F2B32E /* Pods_clone_facebook.framework in Frameworks */,
			);
			runOnlyForDeploymentPostprocessing = 0;
		};
/* End PBXFrameworksBuildPhase section */

/* Begin PBXGroup section */
		2DB600EDC71FD732FCE26F4B /* Frameworks */ = {
			isa = PBXGroup;
			children = (
				E908241E013BF45C3070DB88 /* Pods_clone_facebook.framework */,
			);
			name = Frameworks;
			sourceTree = "<group>";
		};
		B7EDE4C5D01BE6DB7A6B3243 /* Pods */ = {
			isa = PBXGroup;
			children = (
				CD59DF70912A3FE671DF6721 /* Pods-clone-facebook.debug.xcconfig */,
				7744539342615607B8B68BC9 /* Pods-clone-facebook.release.xcconfig */,
			);
			path = Pods;
			sourceTree = "<group>";
		};
		D51852AE24E4D40600AE1978 /* services */ = {
			isa = PBXGroup;
			children = (
				D51852AF24E4D42A00AE1978 /* IQKeyboardService.swift */,
			);
			path = services;
			sourceTree = "<group>";
		};
		D51E7BE324DF6E9300C8C5A3 /* home */ = {
			isa = PBXGroup;
			children = (
				D5BCC49F24E287B80085C78C /* ViewModels */,
				D5BCC49E24E287B30085C78C /* Views */,
				D5BCC49D24E287A80085C78C /* Models */,
			);
			path = home;
			sourceTree = "<group>";
		};
		D51E7BE824DF6EB900C8C5A3 /* video */ = {
			isa = PBXGroup;
			children = (
				D51E7BEC24DF6F5B00C8C5A3 /* VideoViewController.swift */,
				D51E7BED24DF6F5B00C8C5A3 /* VideoViewController.xib */,
			);
			path = video;
			sourceTree = "<group>";
		};
		D51E7BE924DF6EC100C8C5A3 /* mypage */ = {
			isa = PBXGroup;
			children = (
				D51E7BF024DF6F6900C8C5A3 /* MyPageViewController.swift */,
				D51E7BF124DF6F6900C8C5A3 /* MyPageViewController.xib */,
			);
			path = mypage;
			sourceTree = "<group>";
		};
		D51E7BEA24DF6EE400C8C5A3 /* notifications */ = {
			isa = PBXGroup;
			children = (
				D51E7BF424DF6F7A00C8C5A3 /* NotificationsViewController.swift */,
				D51E7BF524DF6F7A00C8C5A3 /* NotificationsViewController.xib */,
			);
			path = notifications;
			sourceTree = "<group>";
		};
		D51E7BEB24DF6EEE00C8C5A3 /* menu */ = {
			isa = PBXGroup;
			children = (
				D51E7BF824DF6F9500C8C5A3 /* MenuViewController.swift */,
				D51E7BF924DF6F9500C8C5A3 /* MenuViewController.xib */,
			);
			path = menu;
			sourceTree = "<group>";
		};
		D51E7BFC24DF78D100C8C5A3 /* base */ = {
			isa = PBXGroup;
			children = (
				D5BCC4AD24E298420085C78C /* components */,
				D51E7BFD24DF78E200C8C5A3 /* BaseChildViewController.swift */,
			);
			path = base;
			sourceTree = "<group>";
		};
		D5BCC49D24E287A80085C78C /* Models */ = {
			isa = PBXGroup;
			children = (
			);
			path = Models;
			sourceTree = "<group>";
		};
		D5BCC49E24E287B30085C78C /* Views */ = {
			isa = PBXGroup;
			children = (
				D5BCC4A024E288040085C78C /* Cells */,
				D51E7BE424DF6EAA00C8C5A3 /* HomeViewController.swift */,
				D51E7BE524DF6EAA00C8C5A3 /* HomeViewController.xib */,
			);
			path = Views;
			sourceTree = "<group>";
		};
		D5BCC49F24E287B80085C78C /* ViewModels */ = {
			isa = PBXGroup;
			children = (
			);
			path = ViewModels;
			sourceTree = "<group>";
		};
		D5BCC4A024E288040085C78C /* Cells */ = {
			isa = PBXGroup;
			children = (
				D5BCC4A124E288590085C78C /* HeaderCreatePostCell.swift */,
				D5BCC4A224E288590085C78C /* HeaderCreatePostCell.xib */,
				D5BCC4A524E289460085C78C /* HomeNewsCell.swift */,
				D5BCC4A624E289460085C78C /* HomeNewsCell.xib */,
				D5BCC4A924E28B370085C78C /* HeaderMettingCell.swift */,
				D5BCC4AA24E28B370085C78C /* HeaderMettingCell.xib */,
				D5DA455924E2A5DA002096E7 /* HeaderNewsDetailCell.swift */,
				D5DA455A24E2A5DA002096E7 /* HeaderNewsDetailCell.xib */,
			);
			path = Cells;
			sourceTree = "<group>";
		};
		D5BCC4AD24E298420085C78C /* components */ = {
			isa = PBXGroup;
			children = (
				D5BCC4AE24E298520085C78C /* View.swift */,
				D5DA455724E2A447002096E7 /* ImageView.swift */,
				D51852B124E54F8000AE1978 /* ExtPageViewController.swift */,
			);
			path = components;
			sourceTree = "<group>";
		};
		D5C51BEA24DE936A0073217F /* default */ = {
			isa = PBXGroup;
			children = (
				D5C51BED24DE937A0073217F /* ViewModels */,
				D5C51BEC24DE93740073217F /* Views */,
				D5C51BEB24DE93700073217F /* Models */,
			);
			path = default;
			sourceTree = "<group>";
		};
		D5C51BEB24DE93700073217F /* Models */ = {
			isa = PBXGroup;
			children = (
			);
			path = Models;
			sourceTree = "<group>";
		};
		D5C51BEC24DE93740073217F /* Views */ = {
			isa = PBXGroup;
			children = (
				D5C51BEE24DE93C90073217F /* DefaultViewController.swift */,
				D5C51BEF24DE93C90073217F /* DefaultViewController.xib */,
				D564D15324E10A5B00E7BA63 /* DefaultMenuCell.swift */,
				D564D15424E10A5B00E7BA63 /* DefaultMenuCell.xib */,
			);
			path = Views;
			sourceTree = "<group>";
		};
		D5C51BED24DE937A0073217F /* ViewModels */ = {
			isa = PBXGroup;
			children = (
			);
			path = ViewModels;
			sourceTree = "<group>";
		};
		D5E1028924DE8D0E00155373 = {
			isa = PBXGroup;
			children = (
				D5E1029424DE8D0E00155373 /* clone-facebook */,
				D5E1029324DE8D0E00155373 /* Products */,
				B7EDE4C5D01BE6DB7A6B3243 /* Pods */,
				2DB600EDC71FD732FCE26F4B /* Frameworks */,
			);
			sourceTree = "<group>";
		};
		D5E1029324DE8D0E00155373 /* Products */ = {
			isa = PBXGroup;
			children = (
				D5E1029224DE8D0E00155373 /* clone-facebook.app */,
			);
			name = Products;
			sourceTree = "<group>";
		};
		D5E1029424DE8D0E00155373 /* clone-facebook */ = {
			isa = PBXGroup;
			children = (
				D51E7BFC24DF78D100C8C5A3 /* base */,
				D5E102AE24DE8D2400155373 /* Scenes */,
				D5E102AD24DE8D1E00155373 /* Resources */,
				D5E102AC24DE8D1500155373 /* Supports File */,
				D5E1029E24DE8D0E00155373 /* clone_facebook.xcdatamodeld */,
			);
			path = "clone-facebook";
			sourceTree = "<group>";
		};
		D5E102AC24DE8D1500155373 /* Supports File */ = {
			isa = PBXGroup;
			children = (
				D5E1029524DE8D0E00155373 /* AppDelegate.swift */,
				D5E1029724DE8D0E00155373 /* SceneDelegate.swift */,
				D5E1029B24DE8D0E00155373 /* Main.storyboard */,
				D5E102A124DE8D0E00155373 /* Assets.xcassets */,
				D5E102A324DE8D0E00155373 /* LaunchScreen.storyboard */,
			);
			path = "Supports File";
			sourceTree = "<group>";
		};
		D5E102AD24DE8D1E00155373 /* Resources */ = {
			isa = PBXGroup;
			children = (
				D5E102A624DE8D0E00155373 /* Info.plist */,
			);
			path = Resources;
			sourceTree = "<group>";
		};
		D5E102AE24DE8D2400155373 /* Scenes */ = {
			isa = PBXGroup;
			children = (
				D51852AE24E4D40600AE1978 /* services */,
				D51E7BEB24DF6EEE00C8C5A3 /* menu */,
				D51E7BEA24DF6EE400C8C5A3 /* notifications */,
				D51E7BE924DF6EC100C8C5A3 /* mypage */,
				D51E7BE824DF6EB900C8C5A3 /* video */,
				D51E7BE324DF6E9300C8C5A3 /* home */,
				D5C51BEA24DE936A0073217F /* default */,
				D5E1029924DE8D0E00155373 /* ViewController.swift */,
			);
			path = Scenes;
			sourceTree = "<group>";
		};
/* End PBXGroup section */

/* Begin PBXNativeTarget section */
		D5E1029124DE8D0E00155373 /* clone-facebook */ = {
			isa = PBXNativeTarget;
			buildConfigurationList = D5E102A924DE8D0E00155373 /* Build configuration list for PBXNativeTarget "clone-facebook" */;
			buildPhases = (
				6600ACE1722D023C92C4A79A /* [CP] Check Pods Manifest.lock */,
				D5E1028E24DE8D0E00155373 /* Sources */,
				D5E1028F24DE8D0E00155373 /* Frameworks */,
				D5E1029024DE8D0E00155373 /* Resources */,
				55CBB167B27E130A223836C9 /* [CP] Embed Pods Frameworks */,
			);
			buildRules = (
			);
			dependencies = (
			);
			name = "clone-facebook";
			productName = "clone-facebook";
			productReference = D5E1029224DE8D0E00155373 /* clone-facebook.app */;
			productType = "com.apple.product-type.application";
		};
/* End PBXNativeTarget section */

/* Begin PBXProject section */
		D5E1028A24DE8D0E00155373 /* Project object */ = {
			isa = PBXProject;
			attributes = {
				LastSwiftUpdateCheck = 1160;
				LastUpgradeCheck = 1160;
				ORGANIZATIONNAME = "Nghia Nguyen";
				TargetAttributes = {
					D5E1029124DE8D0E00155373 = {
						CreatedOnToolsVersion = 11.6;
					};
				};
			};
			buildConfigurationList = D5E1028D24DE8D0E00155373 /* Build configuration list for PBXProject "clone-facebook" */;
			compatibilityVersion = "Xcode 9.3";
			developmentRegion = en;
			hasScannedForEncodings = 0;
			knownRegions = (
				en,
				Base,
			);
			mainGroup = D5E1028924DE8D0E00155373;
			productRefGroup = D5E1029324DE8D0E00155373 /* Products */;
			projectDirPath = "";
			projectRoot = "";
			targets = (
				D5E1029124DE8D0E00155373 /* clone-facebook */,
			);
		};
/* End PBXProject section */

/* Begin PBXResourcesBuildPhase section */
		D5E1029024DE8D0E00155373 /* Resources */ = {
			isa = PBXResourcesBuildPhase;
			buildActionMask = 2147483647;
			files = (
				D51E7BF324DF6F6900C8C5A3 /* MyPageViewController.xib in Resources */,
				D51E7BF724DF6F7A00C8C5A3 /* NotificationsViewController.xib in Resources */,
				D5E102A524DE8D0E00155373 /* LaunchScreen.storyboard in Resources */,
				D5E102A224DE8D0E00155373 /* Assets.xcassets in Resources */,
				D51E7BFB24DF6F9500C8C5A3 /* MenuViewController.xib in Resources */,
				D51E7BEF24DF6F5B00C8C5A3 /* VideoViewController.xib in Resources */,
				D564D15624E10A5B00E7BA63 /* DefaultMenuCell.xib in Resources */,
				D51E7BE724DF6EAA00C8C5A3 /* HomeViewController.xib in Resources */,
				D5BCC4AC24E28B370085C78C /* HeaderMettingCell.xib in Resources */,
				D5E1029D24DE8D0E00155373 /* Main.storyboard in Resources */,
				D5C51BF124DE93C90073217F /* DefaultViewController.xib in Resources */,
				D5BCC4A824E289460085C78C /* HomeNewsCell.xib in Resources */,
				D5BCC4A424E288590085C78C /* HeaderCreatePostCell.xib in Resources */,
				D5DA455C24E2A5DA002096E7 /* HeaderNewsDetailCell.xib in Resources */,
			);
			runOnlyForDeploymentPostprocessing = 0;
		};
/* End PBXResourcesBuildPhase section */

/* Begin PBXShellScriptBuildPhase section */
		55CBB167B27E130A223836C9 /* [CP] Embed Pods Frameworks */ = {
			isa = PBXShellScriptBuildPhase;
			buildActionMask = 2147483647;
			files = (
			);
			inputFileListPaths = (
				"${PODS_ROOT}/Target Support Files/Pods-clone-facebook/Pods-clone-facebook-frameworks-${CONFIGURATION}-input-files.xcfilelist",
			);
			name = "[CP] Embed Pods Frameworks";
			outputFileListPaths = (
				"${PODS_ROOT}/Target Support Files/Pods-clone-facebook/Pods-clone-facebook-frameworks-${CONFIGURATION}-output-files.xcfilelist",
			);
			runOnlyForDeploymentPostprocessing = 0;
			shellPath = /bin/sh;
			shellScript = "\"${PODS_ROOT}/Target Support Files/Pods-clone-facebook/Pods-clone-facebook-frameworks.sh\"\n";
			showEnvVarsInLog = 0;
		};
		6600ACE1722D023C92C4A79A /* [CP] Check Pods Manifest.lock */ = {
			isa = PBXShellScriptBuildPhase;
			buildActionMask = 2147483647;
			files = (
			);
			inputFileListPaths = (
			);
			inputPaths = (
				"${PODS_PODFILE_DIR_PATH}/Podfile.lock",
				"${PODS_ROOT}/Manifest.lock",
			);
			name = "[CP] Check Pods Manifest.lock";
			outputFileListPaths = (
			);
			outputPaths = (
				"$(DERIVED_FILE_DIR)/Pods-clone-facebook-checkManifestLockResult.txt",
			);
			runOnlyForDeploymentPostprocessing = 0;
			shellPath = /bin/sh;
			shellScript = "diff \"${PODS_PODFILE_DIR_PATH}/Podfile.lock\" \"${PODS_ROOT}/Manifest.lock\" > /dev/null\nif [ $? != 0 ] ; then\n    # print error to STDERR\n    echo \"error: The sandbox is not in sync with the Podfile.lock. Run 'pod install' or update your CocoaPods installation.\" >&2\n    exit 1\nfi\n# This output is used by Xcode 'outputs' to avoid re-running this script phase.\necho \"SUCCESS\" > \"${SCRIPT_OUTPUT_FILE_0}\"\n";
			showEnvVarsInLog = 0;
		};
/* End PBXShellScriptBuildPhase section */

/* Begin PBXSourcesBuildPhase section */
		D5E1028E24DE8D0E00155373 /* Sources */ = {
			isa = PBXSourcesBuildPhase;
			buildActionMask = 2147483647;
			files = (
				D5BCC4AF24E298520085C78C /* View.swift in Sources */,
				D51E7BF624DF6F7A00C8C5A3 /* NotificationsViewController.swift in Sources */,
				D51E7BFE24DF78E200C8C5A3 /* BaseChildViewController.swift in Sources */,
				D5BCC4A324E288590085C78C /* HeaderCreatePostCell.swift in Sources */,
				D51E7BFA24DF6F9500C8C5A3 /* MenuViewController.swift in Sources */,
				D5BCC4A724E289460085C78C /* HomeNewsCell.swift in Sources */,
				D5C51BF024DE93C90073217F /* DefaultViewController.swift in Sources */,
				D51E7BEE24DF6F5B00C8C5A3 /* VideoViewController.swift in Sources */,
				D5E1029A24DE8D0E00155373 /* ViewController.swift in Sources */,
				D5DA455B24E2A5DA002096E7 /* HeaderNewsDetailCell.swift in Sources */,
				D5E102A024DE8D0E00155373 /* clone_facebook.xcdatamodeld in Sources */,
				D51852B224E54F8000AE1978 /* ExtPageViewController.swift in Sources */,
				D5E1029624DE8D0E00155373 /* AppDelegate.swift in Sources */,
				D5DA455824E2A447002096E7 /* ImageView.swift in Sources */,
				D51852B024E4D42A00AE1978 /* IQKeyboardService.swift in Sources */,
				D5E1029824DE8D0E00155373 /* SceneDelegate.swift in Sources */,
				D51E7BE624DF6EAA00C8C5A3 /* HomeViewController.swift in Sources */,
				D5BCC4AB24E28B370085C78C /* HeaderMettingCell.swift in Sources */,
				D564D15524E10A5B00E7BA63 /* DefaultMenuCell.swift in Sources */,
				D51E7BF224DF6F6900C8C5A3 /* MyPageViewController.swift in Sources */,
			);
			runOnlyForDeploymentPostprocessing = 0;
		};
/* End PBXSourcesBuildPhase section */

/* Begin PBXVariantGroup section */
		D5E1029B24DE8D0E00155373 /* Main.storyboard */ = {
			isa = PBXVariantGroup;
			children = (
				D5E1029C24DE8D0E00155373 /* Base */,
			);
			name = Main.storyboard;
			sourceTree = "<group>";
		};
		D5E102A324DE8D0E00155373 /* LaunchScreen.storyboard */ = {
			isa = PBXVariantGroup;
			children = (
				D5E102A424DE8D0E00155373 /* Base */,
			);
			name = LaunchScreen.storyboard;
			sourceTree = "<group>";
		};
/* End PBXVariantGroup section */

/* Begin XCBuildConfiguration section */
		D5E102A724DE8D0E00155373 /* Debug */ = {
			isa = XCBuildConfiguration;
			buildSettings = {
				ALWAYS_SEARCH_USER_PATHS = NO;
				CLANG_ANALYZER_NONNULL = YES;
				CLANG_ANALYZER_NUMBER_OBJECT_CONVERSION = YES_AGGRESSIVE;
				CLANG_CXX_LANGUAGE_STANDARD = "gnu++14";
				CLANG_CXX_LIBRARY = "libc++";
				CLANG_ENABLE_MODULES = YES;
				CLANG_ENABLE_OBJC_ARC = YES;
				CLANG_ENABLE_OBJC_WEAK = YES;
				CLANG_WARN_BLOCK_CAPTURE_AUTORELEASING = YES;
				CLANG_WARN_BOOL_CONVERSION = YES;
				CLANG_WARN_COMMA = YES;
				CLANG_WARN_CONSTANT_CONVERSION = YES;
				CLANG_WARN_DEPRECATED_OBJC_IMPLEMENTATIONS = YES;
				CLANG_WARN_DIRECT_OBJC_ISA_USAGE = YES_ERROR;
				CLANG_WARN_DOCUMENTATION_COMMENTS = YES;
				CLANG_WARN_EMPTY_BODY = YES;
				CLANG_WARN_ENUM_CONVERSION = YES;
				CLANG_WARN_INFINITE_RECURSION = YES;
				CLANG_WARN_INT_CONVERSION = YES;
				CLANG_WARN_NON_LITERAL_NULL_CONVERSION = YES;
				CLANG_WARN_OBJC_IMPLICIT_RETAIN_SELF = YES;
				CLANG_WARN_OBJC_LITERAL_CONVERSION = YES;
				CLANG_WARN_OBJC_ROOT_CLASS = YES_ERROR;
				CLANG_WARN_RANGE_LOOP_ANALYSIS = YES;
				CLANG_WARN_STRICT_PROTOTYPES = YES;
				CLANG_WARN_SUSPICIOUS_MOVE = YES;
				CLANG_WARN_UNGUARDED_AVAILABILITY = YES_AGGRESSIVE;
				CLANG_WARN_UNREACHABLE_CODE = YES;
				CLANG_WARN__DUPLICATE_METHOD_MATCH = YES;
				COPY_PHASE_STRIP = NO;
				DEBUG_INFORMATION_FORMAT = dwarf;
				ENABLE_STRICT_OBJC_MSGSEND = YES;
				ENABLE_TESTABILITY = YES;
				GCC_C_LANGUAGE_STANDARD = gnu11;
				GCC_DYNAMIC_NO_PIC = NO;
				GCC_NO_COMMON_BLOCKS = YES;
				GCC_OPTIMIZATION_LEVEL = 0;
				GCC_PREPROCESSOR_DEFINITIONS = (
					"DEBUG=1",
					"$(inherited)",
				);
				GCC_WARN_64_TO_32_BIT_CONVERSION = YES;
				GCC_WARN_ABOUT_RETURN_TYPE = YES_ERROR;
				GCC_WARN_UNDECLARED_SELECTOR = YES;
				GCC_WARN_UNINITIALIZED_AUTOS = YES_AGGRESSIVE;
				GCC_WARN_UNUSED_FUNCTION = YES;
				GCC_WARN_UNUSED_VARIABLE = YES;
				IPHONEOS_DEPLOYMENT_TARGET = 13.6;
				MTL_ENABLE_DEBUG_INFO = INCLUDE_SOURCE;
				MTL_FAST_MATH = YES;
				ONLY_ACTIVE_ARCH = YES;
				SDKROOT = iphoneos;
				SWIFT_ACTIVE_COMPILATION_CONDITIONS = DEBUG;
				SWIFT_OPTIMIZATION_LEVEL = "-Onone";
			};
			name = Debug;
		};
		D5E102A824DE8D0E00155373 /* Release */ = {
			isa = XCBuildConfiguration;
			buildSettings = {
				ALWAYS_SEARCH_USER_PATHS = NO;
				CLANG_ANALYZER_NONNULL = YES;
				CLANG_ANALYZER_NUMBER_OBJECT_CONVERSION = YES_AGGRESSIVE;
				CLANG_CXX_LANGUAGE_STANDARD = "gnu++14";
				CLANG_CXX_LIBRARY = "libc++";
				CLANG_ENABLE_MODULES = YES;
				CLANG_ENABLE_OBJC_ARC = YES;
				CLANG_ENABLE_OBJC_WEAK = YES;
				CLANG_WARN_BLOCK_CAPTURE_AUTORELEASING = YES;
				CLANG_WARN_BOOL_CONVERSION = YES;
				CLANG_WARN_COMMA = YES;
				CLANG_WARN_CONSTANT_CONVERSION = YES;
				CLANG_WARN_DEPRECATED_OBJC_IMPLEMENTATIONS = YES;
				CLANG_WARN_DIRECT_OBJC_ISA_USAGE = YES_ERROR;
				CLANG_WARN_DOCUMENTATION_COMMENTS = YES;
				CLANG_WARN_EMPTY_BODY = YES;
				CLANG_WARN_ENUM_CONVERSION = YES;
				CLANG_WARN_INFINITE_RECURSION = YES;
				CLANG_WARN_INT_CONVERSION = YES;
				CLANG_WARN_NON_LITERAL_NULL_CONVERSION = YES;
				CLANG_WARN_OBJC_IMPLICIT_RETAIN_SELF = YES;
				CLANG_WARN_OBJC_LITERAL_CONVERSION = YES;
				CLANG_WARN_OBJC_ROOT_CLASS = YES_ERROR;
				CLANG_WARN_RANGE_LOOP_ANALYSIS = YES;
				CLANG_WARN_STRICT_PROTOTYPES = YES;
				CLANG_WARN_SUSPICIOUS_MOVE = YES;
				CLANG_WARN_UNGUARDED_AVAILABILITY = YES_AGGRESSIVE;
				CLANG_WARN_UNREACHABLE_CODE = YES;
				CLANG_WARN__DUPLICATE_METHOD_MATCH = YES;
				COPY_PHASE_STRIP = NO;
				DEBUG_INFORMATION_FORMAT = "dwarf-with-dsym";
				ENABLE_NS_ASSERTIONS = NO;
				ENABLE_STRICT_OBJC_MSGSEND = YES;
				GCC_C_LANGUAGE_STANDARD = gnu11;
				GCC_NO_COMMON_BLOCKS = YES;
				GCC_WARN_64_TO_32_BIT_CONVERSION = YES;
				GCC_WARN_ABOUT_RETURN_TYPE = YES_ERROR;
				GCC_WARN_UNDECLARED_SELECTOR = YES;
				GCC_WARN_UNINITIALIZED_AUTOS = YES_AGGRESSIVE;
				GCC_WARN_UNUSED_FUNCTION = YES;
				GCC_WARN_UNUSED_VARIABLE = YES;
				IPHONEOS_DEPLOYMENT_TARGET = 13.6;
				MTL_ENABLE_DEBUG_INFO = NO;
				MTL_FAST_MATH = YES;
				SDKROOT = iphoneos;
				SWIFT_COMPILATION_MODE = wholemodule;
				SWIFT_OPTIMIZATION_LEVEL = "-O";
				VALIDATE_PRODUCT = YES;
			};
			name = Release;
		};
		D5E102AA24DE8D0E00155373 /* Debug */ = {
			isa = XCBuildConfiguration;
			baseConfigurationReference = CD59DF70912A3FE671DF6721 /* Pods-clone-facebook.debug.xcconfig */;
			buildSettings = {
				ASSETCATALOG_COMPILER_APPICON_NAME = AppIcon;
				CODE_SIGN_STYLE = Automatic;
				INFOPLIST_FILE = "clone-facebook/Resources/Info.plist";
				LD_RUNPATH_SEARCH_PATHS = (
					"$(inherited)",
					"@executable_path/Frameworks",
				);
				PRODUCT_BUNDLE_IDENTIFIER = "nguyenhuunghia.xyz.clone-facebook";
				PRODUCT_NAME = "$(TARGET_NAME)";
				SWIFT_VERSION = 5.0;
				TARGETED_DEVICE_FAMILY = 1;
			};
			name = Debug;
		};
		D5E102AB24DE8D0E00155373 /* Release */ = {
			isa = XCBuildConfiguration;
			baseConfigurationReference = 7744539342615607B8B68BC9 /* Pods-clone-facebook.release.xcconfig */;
			buildSettings = {
				ASSETCATALOG_COMPILER_APPICON_NAME = AppIcon;
				CODE_SIGN_STYLE = Automatic;
				INFOPLIST_FILE = "clone-facebook/Resources/Info.plist";
				LD_RUNPATH_SEARCH_PATHS = (
					"$(inherited)",
					"@executable_path/Frameworks",
				);
				PRODUCT_BUNDLE_IDENTIFIER = "nguyenhuunghia.xyz.clone-facebook";
				PRODUCT_NAME = "$(TARGET_NAME)";
				SWIFT_VERSION = 5.0;
				TARGETED_DEVICE_FAMILY = 1;
			};
			name = Release;
		};
/* End XCBuildConfiguration section */

/* Begin XCConfigurationList section */
		D5E1028D24DE8D0E00155373 /* Build configuration list for PBXProject "clone-facebook" */ = {
			isa = XCConfigurationList;
			buildConfigurations = (
				D5E102A724DE8D0E00155373 /* Debug */,
				D5E102A824DE8D0E00155373 /* Release */,
			);
			defaultConfigurationIsVisible = 0;
			defaultConfigurationName = Release;
		};
		D5E102A924DE8D0E00155373 /* Build configuration list for PBXNativeTarget "clone-facebook" */ = {
			isa = XCConfigurationList;
			buildConfigurations = (
				D5E102AA24DE8D0E00155373 /* Debug */,
				D5E102AB24DE8D0E00155373 /* Release */,
			);
			defaultConfigurationIsVisible = 0;
			defaultConfigurationName = Release;
		};
/* End XCConfigurationList section */

/* Begin XCVersionGroup section */
		D5E1029E24DE8D0E00155373 /* clone_facebook.xcdatamodeld */ = {
			isa = XCVersionGroup;
			children = (
				D5E1029F24DE8D0E00155373 /* clone_facebook.xcdatamodel */,
			);
			currentVersion = D5E1029F24DE8D0E00155373 /* clone_facebook.xcdatamodel */;
			path = clone_facebook.xcdatamodeld;
			sourceTree = "<group>";
			versionGroupType = wrapper.xcdatamodel;
		};
/* End XCVersionGroup section */
	};
	rootObject = D5E1028A24DE8D0E00155373 /* Project object */;
}
