PODS:
  - IQKeyboardManagerSwift (6.5.5)
  - PromiseKit (6.13.1):
    - PromiseKit/CorePromise (= 6.13.1)
    - PromiseKit/Foundation (= 6.13.1)
    - PromiseKit/UIKit (= 6.13.1)
  - PromiseKit/CorePromise (6.13.1)
  - PromiseKit/Foundation (6.13.1):
    - PromiseKit/CorePromise
  - PromiseKit/UIKit (6.13.1):
    - PromiseKit/CorePromise

DEPENDENCIES:
  - IQKeyboardManagerSwift
  - PromiseKit (~> 6.8)

SPEC REPOS:
  trunk:
    - IQKeyboardManagerSwift
    - PromiseKit

SPEC CHECKSUMS:
  IQKeyboardManagerSwift: 0fb93310284665245591f50f7a5e38de615960b7
  PromiseKit: 28fda91c973cc377875d8c0ea4f973013c05b6db

PODFILE CHECKSUM: 559c46e3bba329a621ad0b0e003eeaa79a0a94bd

COCOAPODS: 1.9.3
